// !$*UTF8*$!
{
	archiveVersion = 1;
	classes = {
	};
	objectVersion = 55;
	objects = {

/* Begin PBXBuildFile section */
		251E47E628867F33009E3CFF /* AppDelegate.swift in Sources */ = {isa = PBXBuildFile; fileRef = 251E47E528867F33009E3CFF /* AppDelegate.swift */; };
		251E47EF28867F35009E3CFF /* Assets.xcassets in Resources */ = {isa = PBXBuildFile; fileRef = 251E47EE28867F35009E3CFF /* Assets.xcassets */; };
		251E47F228867F35009E3CFF /* LaunchScreen.storyboard in Resources */ = {isa = PBXBuildFile; fileRef = 251E47F028867F35009E3CFF /* LaunchScreen.storyboard */; };
		251E47FF28867F95009E3CFF /* AudioRecorderViewController.swift in Sources */ = {isa = PBXBuildFile; fileRef = 251E47FD28867F95009E3CFF /* AudioRecorderViewController.swift */; };
		251E480028867F95009E3CFF /* AudioRecorderViewController.xib in Resources */ = {isa = PBXBuildFile; fileRef = 251E47FE28867F95009E3CFF /* AudioRecorderViewController.xib */; };
		251E4804288680A8009E3CFF /* AudioRecorder.swift in Sources */ = {isa = PBXBuildFile; fileRef = 251E4803288680A8009E3CFF /* AudioRecorder.swift */; };
		251E480628868101009E3CFF /* Extension.swift in Sources */ = {isa = PBXBuildFile; fileRef = 251E480528868101009E3CFF /* Extension.swift */; };
		251E480B288681B5009E3CFF /* AudioRecorderTableViewCell.swift in Sources */ = {isa = PBXBuildFile; fileRef = 251E4809288681B5009E3CFF /* AudioRecorderTableViewCell.swift */; };
		251E480C288681B5009E3CFF /* AudioRecorderTableViewCell.xib in Resources */ = {isa = PBXBuildFile; fileRef = 251E480A288681B5009E3CFF /* AudioRecorderTableViewCell.xib */; };
/* End PBXBuildFile section */

/* Begin PBXFileReference section */
		251E47E228867F33009E3CFF /* AudioRecorder.app */ = {isa = PBXFileReference; explicitFileType = wrapper.application; includeInIndex = 0; path = AudioRecorder.app; sourceTree = BUILT_PRODUCTS_DIR; };
		251E47E528867F33009E3CFF /* AppDelegate.swift */ = {isa = PBXFileReference; lastKnownFileType = sourcecode.swift; path = AppDelegate.swift; sourceTree = "<group>"; };
		251E47EE28867F35009E3CFF /* Assets.xcassets */ = {isa = PBXFileReference; lastKnownFileType = folder.assetcatalog; path = Assets.xcassets; sourceTree = "<group>"; };
		251E47F128867F35009E3CFF /* Base */ = {isa = PBXFileReference; lastKnownFileType = file.storyboard; name = Base; path = Base.lproj/LaunchScreen.storyboard; sourceTree = "<group>"; };
		251E47F328867F35009E3CFF /* Info.plist */ = {isa = PBXFileReference; lastKnownFileType = text.plist.xml; path = Info.plist; sourceTree = "<group>"; };
		251E47FD28867F95009E3CFF /* AudioRecorderViewController.swift */ = {isa = PBXFileReference; lastKnownFileType = sourcecode.swift; path = AudioRecorderViewController.swift; sourceTree = "<group>"; };
		251E47FE28867F95009E3CFF /* AudioRecorderViewController.xib */ = {isa = PBXFileReference; lastKnownFileType = file.xib; path = AudioRecorderViewController.xib; sourceTree = "<group>"; };
		251E4803288680A8009E3CFF /* AudioRecorder.swift */ = {isa = PBXFileReference; lastKnownFileType = sourcecode.swift; path = AudioRecorder.swift; sourceTree = "<group>"; };
		251E480528868101009E3CFF /* Extension.swift */ = {isa = PBXFileReference; lastKnownFileType = sourcecode.swift; path = Extension.swift; sourceTree = "<group>"; };
		251E4809288681B5009E3CFF /* AudioRecorderTableViewCell.swift */ = {isa = PBXFileReference; lastKnownFileType = sourcecode.swift; path = AudioRecorderTableViewCell.swift; sourceTree = "<group>"; };
		251E480A288681B5009E3CFF /* AudioRecorderTableViewCell.xib */ = {isa = PBXFileReference; lastKnownFileType = file.xib; path = AudioRecorderTableViewCell.xib; sourceTree = "<group>"; };
/* End PBXFileReference section */

/* Begin PBXFrameworksBuildPhase section */
		251E47DF28867F33009E3CFF /* Frameworks */ = {
			isa = PBXFrameworksBuildPhase;
			buildActionMask = 2147483647;
			files = (
			);
			runOnlyForDeploymentPostprocessing = 0;
		};
/* End PBXFrameworksBuildPhase section */

/* Begin PBXGroup section */
		251E47D928867F32009E3CFF = {
			isa = PBXGroup;
			children = (
				251E47E428867F33009E3CFF /* AudioRecorder */,
				251E47E328867F33009E3CFF /* Products */,
			);
			sourceTree = "<group>";
		};
		251E47E328867F33009E3CFF /* Products */ = {
			isa = PBXGroup;
			children = (
				251E47E228867F33009E3CFF /* AudioRecorder.app */,
			);
			name = Products;
			sourceTree = "<group>";
		};
		251E47E428867F33009E3CFF /* AudioRecorder */ = {
			isa = PBXGroup;
			children = (
				251E47FB28867F6A009E3CFF /* View */,
				251E47FC28867F73009E3CFF /* CustomeViews */,
				251E47FA28867F62009E3CFF /* Core */,
				251E47F928867F5B009E3CFF /* Resources */,
				251E47F328867F35009E3CFF /* Info.plist */,
				251E480728868106009E3CFF /* Extensions */,
			);
			path = AudioRecorder;
			sourceTree = "<group>";
		};
		251E47F928867F5B009E3CFF /* Resources */ = {
			isa = PBXGroup;
			children = (
				251E47EE28867F35009E3CFF /* Assets.xcassets */,
				251E47F028867F35009E3CFF /* LaunchScreen.storyboard */,
			);
			path = Resources;
			sourceTree = "<group>";
		};
		251E47FA28867F62009E3CFF /* Core */ = {
			isa = PBXGroup;
			children = (
				251E47E528867F33009E3CFF /* AppDelegate.swift */,
			);
			path = Core;
			sourceTree = "<group>";
		};
		251E47FB28867F6A009E3CFF /* View */ = {
			isa = PBXGroup;
			children = (
				251E480828868198009E3CFF /* Cell */,
				251E47FD28867F95009E3CFF /* AudioRecorderViewController.swift */,
				251E47FE28867F95009E3CFF /* AudioRecorderViewController.xib */,
			);
			path = View;
			sourceTree = "<group>";
		};
		251E47FC28867F73009E3CFF /* CustomeViews */ = {
			isa = PBXGroup;
			children = (
				251E4803288680A8009E3CFF /* AudioRecorder.swift */,
			);
			path = CustomeViews;
			sourceTree = "<group>";
		};
		251E480728868106009E3CFF /* Extensions */ = {
			isa = PBXGroup;
			children = (
				251E480528868101009E3CFF /* Extension.swift */,
			);
			path = Extensions;
			sourceTree = "<group>";
		};
		251E480828868198009E3CFF /* Cell */ = {
			isa = PBXGroup;
			children = (
				251E4809288681B5009E3CFF /* AudioRecorderTableViewCell.swift */,
				251E480A288681B5009E3CFF /* AudioRecorderTableViewCell.xib */,
			);
			path = Cell;
			sourceTree = "<group>";
		};
/* End PBXGroup section */

/* Begin PBXNativeTarget section */
		251E47E128867F33009E3CFF /* AudioRecorder */ = {
			isa = PBXNativeTarget;
			buildConfigurationList = 251E47F628867F35009E3CFF /* Build configuration list for PBXNativeTarget "AudioRecorder" */;
			buildPhases = (
				251E47DE28867F33009E3CFF /* Sources */,
				251E47DF28867F33009E3CFF /* Frameworks */,
				251E47E028867F33009E3CFF /* Resources */,
			);
			buildRules = (
			);
			dependencies = (
			);
			name = AudioRecorder;
			productName = AudioRecorder;
			productReference = 251E47E228867F33009E3CFF /* AudioRecorder.app */;
			productType = "com.apple.product-type.application";
		};
/* End PBXNativeTarget section */

/* Begin PBXProject section */
		251E47DA28867F32009E3CFF /* Project object */ = {
			isa = PBXProject;
			attributes = {
				BuildIndependentTargetsInParallel = 1;
				LastSwiftUpdateCheck = 1340;
				LastUpgradeCheck = 1340;
				TargetAttributes = {
					251E47E128867F33009E3CFF = {
						CreatedOnToolsVersion = 13.4.1;
					};
				};
			};
			buildConfigurationList = 251E47DD28867F32009E3CFF /* Build configuration list for PBXProject "AudioRecorder" */;
			compatibilityVersion = "Xcode 13.0";
			developmentRegion = en;
			hasScannedForEncodings = 0;
			knownRegions = (
				en,
				Base,
			);
			mainGroup = 251E47D928867F32009E3CFF;
			productRefGroup = 251E47E328867F33009E3CFF /* Products */;
			projectDirPath = "";
			projectRoot = "";
			targets = (
				251E47E128867F33009E3CFF /* AudioRecorder */,
			);
		};
/* End PBXProject section */

/* Begin PBXResourcesBuildPhase section */
		251E47E028867F33009E3CFF /* Resources */ = {
			isa = PBXResourcesBuildPhase;
			buildActionMask = 2147483647;
			files = (
				251E47F228867F35009E3CFF /* LaunchScreen.storyboard in Resources */,
				251E480028867F95009E3CFF /* AudioRecorderViewController.xib in Resources */,
				251E480C288681B5009E3CFF /* AudioRecorderTableViewCell.xib in Resources */,
				251E47EF28867F35009E3CFF /* Assets.xcassets in Resources */,
			);
			runOnlyForDeploymentPostprocessing = 0;
		};
/* End PBXResourcesBuildPhase section */

/* Begin PBXSourcesBuildPhase section */
		251E47DE28867F33009E3CFF /* Sources */ = {
			isa = PBXSourcesBuildPhase;
			buildActionMask = 2147483647;
			files = (
				251E480628868101009E3CFF /* Extension.swift in Sources */,
				251E47E628867F33009E3CFF /* AppDelegate.swift in Sources */,
				251E480B288681B5009E3CFF /* AudioRecorderTableViewCell.swift in Sources */,
				251E4804288680A8009E3CFF /* AudioRecorder.swift in Sources */,
				251E47FF28867F95009E3CFF /* AudioRecorderViewController.swift in Sources */,
			);
			runOnlyForDeploymentPostprocessing = 0;
		};
/* End PBXSourcesBuildPhase section */

/* Begin PBXVariantGroup section */
		251E47F028867F35009E3CFF /* LaunchScreen.storyboard */ = {
			isa = PBXVariantGroup;
			children = (
				251E47F128867F35009E3CFF /* Base */,
			);
			name = LaunchScreen.storyboard;
			sourceTree = "<group>";
		};
/* End PBXVariantGroup section */

/* Begin XCBuildConfiguration section */
		251E47F428867F35009E3CFF /* Debug */ = {
			isa = XCBuildConfiguration;
			buildSettings = {
				ALWAYS_SEARCH_USER_PATHS = NO;
				CLANG_ANALYZER_NONNULL = YES;
				CLANG_ANALYZER_NUMBER_OBJECT_CONVERSION = YES_AGGRESSIVE;
				CLANG_CXX_LANGUAGE_STANDARD = "gnu++17";
				CLANG_ENABLE_MODULES = YES;
				CLANG_ENABLE_OBJC_ARC = YES;
				CLANG_ENABLE_OBJC_WEAK = YES;
				CLANG_WARN_BLOCK_CAPTURE_AUTORELEASING = YES;
				CLANG_WARN_BOOL_CONVERSION = YES;
				CLANG_WARN_COMMA = YES;
				CLANG_WARN_CONSTANT_CONVERSION = YES;
				CLANG_WARN_DEPRECATED_OBJC_IMPLEMENTATIONS = YES;
				CLANG_WARN_DIRECT_OBJC_ISA_USAGE = YES_ERROR;
				CLANG_WARN_DOCUMENTATION_COMMENTS = YES;
				CLANG_WARN_EMPTY_BODY = YES;
				CLANG_WARN_ENUM_CONVERSION = YES;
				CLANG_WARN_INFINITE_RECURSION = YES;
				CLANG_WARN_INT_CONVERSION = YES;
				CLANG_WARN_NON_LITERAL_NULL_CONVERSION = YES;
				CLANG_WARN_OBJC_IMPLICIT_RETAIN_SELF = YES;
				CLANG_WARN_OBJC_LITERAL_CONVERSION = YES;
				CLANG_WARN_OBJC_ROOT_CLASS = YES_ERROR;
				CLANG_WARN_QUOTED_INCLUDE_IN_FRAMEWORK_HEADER = YES;
				CLANG_WARN_RANGE_LOOP_ANALYSIS = YES;
				CLANG_WARN_STRICT_PROTOTYPES = YES;
				CLANG_WARN_SUSPICIOUS_MOVE = YES;
				CLANG_WARN_UNGUARDED_AVAILABILITY = YES_AGGRESSIVE;
				CLANG_WARN_UNREACHABLE_CODE = YES;
				CLANG_WARN__DUPLICATE_METHOD_MATCH = YES;
				COPY_PHASE_STRIP = NO;
				DEBUG_INFORMATION_FORMAT = dwarf;
				ENABLE_STRICT_OBJC_MSGSEND = YES;
				ENABLE_TESTABILITY = YES;
				GCC_C_LANGUAGE_STANDARD = gnu11;
				GCC_DYNAMIC_NO_PIC = NO;
				GCC_NO_COMMON_BLOCKS = YES;
				GCC_OPTIMIZATION_LEVEL = 0;
				GCC_PREPROCESSOR_DEFINITIONS = (
					"DEBUG=1",
					"$(inherited)",
				);
				GCC_WARN_64_TO_32_BIT_CONVERSION = YES;
				GCC_WARN_ABOUT_RETURN_TYPE = YES_ERROR;
				GCC_WARN_UNDECLARED_SELECTOR = YES;
				GCC_WARN_UNINITIALIZED_AUTOS = YES_AGGRESSIVE;
				GCC_WARN_UNUSED_FUNCTION = YES;
				GCC_WARN_UNUSED_VARIABLE = YES;
				IPHONEOS_DEPLOYMENT_TARGET = 15.5;
				MTL_ENABLE_DEBUG_INFO = INCLUDE_SOURCE;
				MTL_FAST_MATH = YES;
				ONLY_ACTIVE_ARCH = YES;
				SDKROOT = iphoneos;
				SWIFT_ACTIVE_COMPILATION_CONDITIONS = DEBUG;
				SWIFT_OPTIMIZATION_LEVEL = "-Onone";
			};
			name = Debug;
		};
		251E47F528867F35009E3CFF /* Release */ = {
			isa = XCBuildConfiguration;
			buildSettings = {
				ALWAYS_SEARCH_USER_PATHS = NO;
				CLANG_ANALYZER_NONNULL = YES;
				CLANG_ANALYZER_NUMBER_OBJECT_CONVERSION = YES_AGGRESSIVE;
				CLANG_CXX_LANGUAGE_STANDARD = "gnu++17";
				CLANG_ENABLE_MODULES = YES;
				CLANG_ENABLE_OBJC_ARC = YES;
				CLANG_ENABLE_OBJC_WEAK = YES;
				CLANG_WARN_BLOCK_CAPTURE_AUTORELEASING = YES;
				CLANG_WARN_BOOL_CONVERSION = YES;
				CLANG_WARN_COMMA = YES;
				CLANG_WARN_CONSTANT_CONVERSION = YES;
				CLANG_WARN_DEPRECATED_OBJC_IMPLEMENTATIONS = YES;
				CLANG_WARN_DIRECT_OBJC_ISA_USAGE = YES_ERROR;
				CLANG_WARN_DOCUMENTATION_COMMENTS = YES;
				CLANG_WARN_EMPTY_BODY = YES;
				CLANG_WARN_ENUM_CONVERSION = YES;
				CLANG_WARN_INFINITE_RECURSION = YES;
				CLANG_WARN_INT_CONVERSION = YES;
				CLANG_WARN_NON_LITERAL_NULL_CONVERSION = YES;
				CLANG_WARN_OBJC_IMPLICIT_RETAIN_SELF = YES;
				CLANG_WARN_OBJC_LITERAL_CONVERSION = YES;
				CLANG_WARN_OBJC_ROOT_CLASS = YES_ERROR;
				CLANG_WARN_QUOTED_INCLUDE_IN_FRAMEWORK_HEADER = YES;
				CLANG_WARN_RANGE_LOOP_ANALYSIS = YES;
				CLANG_WARN_STRICT_PROTOTYPES = YES;
				CLANG_WARN_SUSPICIOUS_MOVE = YES;
				CLANG_WARN_UNGUARDED_AVAILABILITY = YES_AGGRESSIVE;
				CLANG_WARN_UNREACHABLE_CODE = YES;
				CLANG_WARN__DUPLICATE_METHOD_MATCH = YES;
				COPY_PHASE_STRIP = NO;
				DEBUG_INFORMATION_FORMAT = "dwarf-with-dsym";
				ENABLE_NS_ASSERTIONS = NO;
				ENABLE_STRICT_OBJC_MSGSEND = YES;
				GCC_C_LANGUAGE_STANDARD = gnu11;
				GCC_NO_COMMON_BLOCKS = YES;
				GCC_WARN_64_TO_32_BIT_CONVERSION = YES;
				GCC_WARN_ABOUT_RETURN_TYPE = YES_ERROR;
				GCC_WARN_UNDECLARED_SELECTOR = YES;
				GCC_WARN_UNINITIALIZED_AUTOS = YES_AGGRESSIVE;
				GCC_WARN_UNUSED_FUNCTION = YES;
				GCC_WARN_UNUSED_VARIABLE = YES;
				IPHONEOS_DEPLOYMENT_TARGET = 15.5;
				MTL_ENABLE_DEBUG_INFO = NO;
				MTL_FAST_MATH = YES;
				SDKROOT = iphoneos;
				SWIFT_COMPILATION_MODE = wholemodule;
				SWIFT_OPTIMIZATION_LEVEL = "-O";
				VALIDATE_PRODUCT = YES;
			};
			name = Release;
		};
		251E47F728867F35009E3CFF /* Debug */ = {
			isa = XCBuildConfiguration;
			buildSettings = {
				ASSETCATALOG_COMPILER_APPICON_NAME = AppIcon;
				ASSETCATALOG_COMPILER_GLOBAL_ACCENT_COLOR_NAME = AccentColor;
				CODE_SIGN_STYLE = Automatic;
				CURRENT_PROJECT_VERSION = 1;
				DEVELOPMENT_TEAM = V639XPXR4D;
				GENERATE_INFOPLIST_FILE = YES;
				INFOPLIST_FILE = AudioRecorder/Info.plist;
				INFOPLIST_KEY_UIApplicationSupportsIndirectInputEvents = YES;
				INFOPLIST_KEY_UILaunchStoryboardName = LaunchScreen;
				INFOPLIST_KEY_UIMainStoryboardFile = LaunchScreen;
				INFOPLIST_KEY_UISupportedInterfaceOrientations_iPad = "UIInterfaceOrientationPortrait UIInterfaceOrientationPortraitUpsideDown UIInterfaceOrientationLandscapeLeft UIInterfaceOrientationLandscapeRight";
				INFOPLIST_KEY_UISupportedInterfaceOrientations_iPhone = "UIInterfaceOrientationPortrait UIInterfaceOrientationLandscapeLeft UIInterfaceOrientationLandscapeRight";
				LD_RUNPATH_SEARCH_PATHS = (
					"$(inherited)",
					"@executable_path/Frameworks",
				);
				MARKETING_VERSION = 1.0;
				PRODUCT_BUNDLE_IDENTIFIER = "Ibrahim-Mo-Gedami.AudioRecorder";
				PRODUCT_NAME = "$(TARGET_NAME)";
				SWIFT_EMIT_LOC_STRINGS = YES;
				SWIFT_VERSION = 5.0;
				TARGETED_DEVICE_FAMILY = 1;
			};
			name = Debug;
		};
		251E47F828867F35009E3CFF /* Release */ = {
			isa = XCBuildConfiguration;
			buildSettings = {
				ASSETCATALOG_COMPILER_APPICON_NAME = AppIcon;
				ASSETCATALOG_COMPILER_GLOBAL_ACCENT_COLOR_NAME = AccentColor;
				CODE_SIGN_STYLE = Automatic;
				CURRENT_PROJECT_VERSION = 1;
				DEVELOPMENT_TEAM = V639XPXR4D;
				GENERATE_INFOPLIST_FILE = YES;
				INFOPLIST_FILE = AudioRecorder/Info.plist;
				INFOPLIST_KEY_UIApplicationSupportsIndirectInputEvents = YES;
				INFOPLIST_KEY_UILaunchStoryboardName = LaunchScreen;
				INFOPLIST_KEY_UIMainStoryboardFile = LaunchScreen;
				INFOPLIST_KEY_UISupportedInterfaceOrientations_iPad = "UIInterfaceOrientationPortrait UIInterfaceOrientationPortraitUpsideDown UIInterfaceOrientationLandscapeLeft UIInterfaceOrientationLandscapeRight";
				INFOPLIST_KEY_UISupportedInterfaceOrientations_iPhone = "UIInterfaceOrientationPortrait UIInterfaceOrientationLandscapeLeft UIInterfaceOrientationLandscapeRight";
				LD_RUNPATH_SEARCH_PATHS = (
					"$(inherited)",
					"@executable_path/Frameworks",
				);
				MARKETING_VERSION = 1.0;
				PRODUCT_BUNDLE_IDENTIFIER = "Ibrahim-Mo-Gedami.AudioRecorder";
				PRODUCT_NAME = "$(TARGET_NAME)";
				SWIFT_EMIT_LOC_STRINGS = YES;
				SWIFT_VERSION = 5.0;
				TARGETED_DEVICE_FAMILY = 1;
			};
			name = Release;
		};
/* End XCBuildConfiguration section */

/* Begin XCConfigurationList section */
		251E47DD28867F32009E3CFF /* Build configuration list for PBXProject "AudioRecorder" */ = {
			isa = XCConfigurationList;
			buildConfigurations = (
				251E47F428867F35009E3CFF /* Debug */,
				251E47F528867F35009E3CFF /* Release */,
			);
			defaultConfigurationIsVisible = 0;
			defaultConfigurationName = Release;
		};
		251E47F628867F35009E3CFF /* Build configuration list for PBXNativeTarget "AudioRecorder" */ = {
			isa = XCConfigurationList;
			buildConfigurations = (
				251E47F728867F35009E3CFF /* Debug */,
				251E47F828867F35009E3CFF /* Release */,
			);
			defaultConfigurationIsVisible = 0;
			defaultConfigurationName = Release;
		};
/* End XCConfigurationList section */
	};
	rootObject = 251E47DA28867F32009E3CFF /* Project object */;
}
